{
  "requires": true,
  "lockfileVersion": 1,
  "dependencies": {
    "calculator.js": {
      "version": "1.0.1",
      "resolved": "https://registry.npmjs.org/calculator.js/-/calculator.js-1.0.1.tgz",
      "integrity": "sha1-ja38dTkC9cS5Ghi2XppvV/VdHzw=",
      "requires": {
        "lodash": "^3.10.1"
      }
    },
    "lodash": {
      "version": "3.10.1",
      "resolved": "https://registry.npmjs.org/lodash/-/lodash-3.10.1.tgz",
      "integrity": "sha1-W/Rejkm6QYnhfUgnid/RW9FAt7Y="
    }
  }
}
